
Microsoft Visual Studio Solution File, Format Version 12.00
# Visual Studio Version 17
VisualStudioVersion = 17.10.35013.160
MinimumVisualStudioVersion = 10.0.40219.1
Project("{FAE04EC0-301F-11D3-BF4B-00C04F79EFBC}") = "ExceptionHandling", "ExceptionHandling\ExceptionHandling.csproj", "{BCE61909-73F7-4477-9802-1A697BA7804F}"
EndProject
Global
	GlobalSection(SolutionConfigurationPlatforms) = preSolution
		Debug|Any CPU = Debug|Any CPU
		Release|Any CPU = Release|Any CPU
	EndGlobalSection
	GlobalSection(ProjectConfigurationPlatforms) = postSolution
		{BCE61909-73F7-4477-9802-1A697BA7804F}.Debug|Any CPU.ActiveCfg = Debug|Any CPU
		{BCE61909-73F7-4477-9802-1A697BA7804F}.Debug|Any CPU.Build.0 = Debug|Any CPU
		{BCE61909-73F7-4477-9802-1A697BA7804F}.Release|Any CPU.ActiveCfg = Release|Any CPU
		{BCE61909-73F7-4477-9802-1A697BA7804F}.Release|Any CPU.Build.0 = Release|Any CPU
	EndGlobalSection
	GlobalSection(SolutionProperties) = preSolution
		HideSolutionNode = FALSE
	EndGlobalSection
	GlobalSection(ExtensibilityGlobals) = postSolution
		SolutionGuid = {9D636777-1849-4D77-9246-BA2462A3A7DE}
	EndGlobalSection
EndGlobal
